
Microsoft Visual Studio Solution File, Format Version 12.00
# Visual Studio Version 16
VisualStudioVersion = 16.0.31005.135
MinimumVisualStudioVersion = 10.0.40219.1
Project("{9A19103F-16F7-4668-BE54-9A1E7A4F7556}") = "ExemploTemplateWeb", "ExemploTemplateWeb\ExemploTemplateWeb.csproj", "{8939EA6A-7629-41B1-AAD8-40C2FCBA430D}"
EndProject
Project("{9A19103F-16F7-4668-BE54-9A1E7A4F7556}") = "ExemploTemplateBiblioteca", "ExemploBiblioteca\ExemploTemplateBiblioteca.csproj", "{8A5504A7-331B-4F7B-8CA0-21F2458A8EFD}"
EndProject
Project("{9A19103F-16F7-4668-BE54-9A1E7A4F7556}") = "ConsoleApp1", "ConsoleApp1\ConsoleApp1.csproj", "{7B2584E4-39C8-4795-A8C8-2A3B8C4D9BB7}"
EndProject
Project("{9A19103F-16F7-4668-BE54-9A1E7A4F7556}") = "ExemploCLI", "ExemploCLI\ExemploCLI.csproj", "{486CED57-02E6-409F-BFC3-C1F968CBB5C2}"
EndProject
Project("{FAE04EC0-301F-11D3-BF4B-00C04F79EFBC}") = "ExemploTemplateTests", "ExemploTemplateTests\ExemploTemplateTests.csproj", "{82E8B878-0A8B-4070-A894-A0476133B450}"
EndProject
Global
	GlobalSection(SolutionConfigurationPlatforms) = preSolution
		Debug|Any CPU = Debug|Any CPU
		Release|Any CPU = Release|Any CPU
	EndGlobalSection
	GlobalSection(ProjectConfigurationPlatforms) = postSolution
		{8939EA6A-7629-41B1-AAD8-40C2FCBA430D}.Debug|Any CPU.ActiveCfg = Debug|Any CPU
		{8939EA6A-7629-41B1-AAD8-40C2FCBA430D}.Debug|Any CPU.Build.0 = Debug|Any CPU
		{8939EA6A-7629-41B1-AAD8-40C2FCBA430D}.Release|Any CPU.ActiveCfg = Release|Any CPU
		{8939EA6A-7629-41B1-AAD8-40C2FCBA430D}.Release|Any CPU.Build.0 = Release|Any CPU
		{8A5504A7-331B-4F7B-8CA0-21F2458A8EFD}.Debug|Any CPU.ActiveCfg = Debug|Any CPU
		{8A5504A7-331B-4F7B-8CA0-21F2458A8EFD}.Debug|Any CPU.Build.0 = Debug|Any CPU
		{8A5504A7-331B-4F7B-8CA0-21F2458A8EFD}.Release|Any CPU.ActiveCfg = Release|Any CPU
		{8A5504A7-331B-4F7B-8CA0-21F2458A8EFD}.Release|Any CPU.Build.0 = Release|Any CPU
		{7B2584E4-39C8-4795-A8C8-2A3B8C4D9BB7}.Debug|Any CPU.ActiveCfg = Debug|Any CPU
		{7B2584E4-39C8-4795-A8C8-2A3B8C4D9BB7}.Debug|Any CPU.Build.0 = Debug|Any CPU
		{7B2584E4-39C8-4795-A8C8-2A3B8C4D9BB7}.Release|Any CPU.ActiveCfg = Release|Any CPU
		{7B2584E4-39C8-4795-A8C8-2A3B8C4D9BB7}.Release|Any CPU.Build.0 = Release|Any CPU
		{486CED57-02E6-409F-BFC3-C1F968CBB5C2}.Debug|Any CPU.ActiveCfg = Debug|Any CPU
		{486CED57-02E6-409F-BFC3-C1F968CBB5C2}.Debug|Any CPU.Build.0 = Debug|Any CPU
		{486CED57-02E6-409F-BFC3-C1F968CBB5C2}.Release|Any CPU.ActiveCfg = Release|Any CPU
		{486CED57-02E6-409F-BFC3-C1F968CBB5C2}.Release|Any CPU.Build.0 = Release|Any CPU
		{82E8B878-0A8B-4070-A894-A0476133B450}.Debug|Any CPU.ActiveCfg = Debug|Any CPU
		{82E8B878-0A8B-4070-A894-A0476133B450}.Debug|Any CPU.Build.0 = Debug|Any CPU
		{82E8B878-0A8B-4070-A894-A0476133B450}.Release|Any CPU.ActiveCfg = Release|Any CPU
		{82E8B878-0A8B-4070-A894-A0476133B450}.Release|Any CPU.Build.0 = Release|Any CPU
	EndGlobalSection
	GlobalSection(SolutionProperties) = preSolution
		HideSolutionNode = FALSE
	EndGlobalSection
	GlobalSection(ExtensibilityGlobals) = postSolution
		SolutionGuid = {9001A70D-1FF5-46E2-BFB8-2CA235BBBDCD}
	EndGlobalSection
EndGlobal
