
Microsoft Visual Studio Solution File, Format Version 12.00
# Visual Studio Version 16
VisualStudioVersion = 16.0.31410.357
MinimumVisualStudioVersion = 10.0.40219.1
Project("{9A19103F-16F7-4668-BE54-9A1E7A4F7556}") = "Empresa.Setor.Projeto.Adicao", "Empresa.Setor.Projeto.Adicao\Empresa.Setor.Projeto.Adicao.csproj", "{87E4B905-02B4-459F-A36B-6102F503CD81}"
EndProject
Project("{FAE04EC0-301F-11D3-BF4B-00C04F79EFBC}") = "Empresa.Setor.Projeto.Subtracao", "Empresa.Setor.Projeto.Subtracao\Empresa.Setor.Projeto.Subtracao.csproj", "{2A650205-B5CE-4956-9842-0B56994511E4}"
EndProject
Global
	GlobalSection(SolutionConfigurationPlatforms) = preSolution
		Debug|Any CPU = Debug|Any CPU
		Release|Any CPU = Release|Any CPU
	EndGlobalSection
	GlobalSection(ProjectConfigurationPlatforms) = postSolution
		{87E4B905-02B4-459F-A36B-6102F503CD81}.Debug|Any CPU.ActiveCfg = Debug|Any CPU
		{87E4B905-02B4-459F-A36B-6102F503CD81}.Debug|Any CPU.Build.0 = Debug|Any CPU
		{87E4B905-02B4-459F-A36B-6102F503CD81}.Release|Any CPU.ActiveCfg = Release|Any CPU
		{87E4B905-02B4-459F-A36B-6102F503CD81}.Release|Any CPU.Build.0 = Release|Any CPU
		{2A650205-B5CE-4956-9842-0B56994511E4}.Debug|Any CPU.ActiveCfg = Debug|Any CPU
		{2A650205-B5CE-4956-9842-0B56994511E4}.Debug|Any CPU.Build.0 = Debug|Any CPU
		{2A650205-B5CE-4956-9842-0B56994511E4}.Release|Any CPU.ActiveCfg = Release|Any CPU
		{2A650205-B5CE-4956-9842-0B56994511E4}.Release|Any CPU.Build.0 = Release|Any CPU
	EndGlobalSection
	GlobalSection(SolutionProperties) = preSolution
		HideSolutionNode = FALSE
	EndGlobalSection
	GlobalSection(ExtensibilityGlobals) = postSolution
		SolutionGuid = {4D24EB5F-FFF7-4B23-AFF1-1F0E1F88E98C}
	EndGlobalSection
EndGlobal
